dependencies:
  idf:
    source:
      type: idf
    version: 5.5.3
  jgromes/radiolib:
    component_hash: 024269f750d7eb181d07bd57ccec5e5e4e276dbb262d681a6501c8e2244e80f0
    dependencies:
    - name: idf
      require: private
      version: '>=4.1'
    source:
      registry_url: https://components.espressif.com/
      type: service
    version: 7.7.1
direct_dependencies:
- idf
- jgromes/radiolib
manifest_hash: 29b97c2667832f44b0887ebfec1b006cf8ac848050151d60d57d289862270cec
target: esp32s3
version: 2.0.0
