dependencies:
  espressif/coap:
    component_hash: fa573d92bc097700b35b593dfd2530205b90453d41e6f07f834252ab16120628
    dependencies:
    - name: idf
      require: private
      version: '>=4.4'
    source:
      registry_url: https://components.espressif.com/
      type: service
    version: 4.3.5~6
  idf:
    source:
      type: idf
    version: 5.5.4
  jgromes/radiolib:
    component_hash: 024269f750d7eb181d07bd57ccec5e5e4e276dbb262d681a6501c8e2244e80f0
    dependencies:
    - name: idf
      require: private
      version: '>=4.1'
    source:
      registry_url: https://components.espressif.com/
      type: service
    version: 7.7.1
  u8g2:
    component_hash: 6c87cb5433dc44da6a97d9083601de2ce879d8caa5226d9a44d9c153031bf6e9
    dependencies: []
    source:
      git: https://github.com/olikraus/u8g2.git
      path: .
      type: git
    version: cbceaa1cab22ad63e41c2df684e173cd5433766e
  u8g2_hal:
    component_hash: 924949331c8a98ba949485522ae6f10ac8af4e44ca24948b23c6630a1321ac9a
    dependencies: []
    source:
      git: https://github.com/mkfrey/u8g2-hal-esp-idf.git
      path: .
      type: git
    version: 4ddd714deabdb45885174724306637f2274d4f6b
direct_dependencies:
- espressif/coap
- idf
- jgromes/radiolib
- u8g2
- u8g2_hal
manifest_hash: e8e37850d05d0456c8261647582a2dfa1e4b51eafb0061d17659d8d7844fcec1
target: esp32
version: 2.0.0
